
Microsoft Visual Studio Solution File, Format Version 12.00
# Visual Studio 15
VisualStudioVersion = 15.0.28307.572
MinimumVisualStudioVersion = 10.0.40219.1
Project("{FAE04EC0-301F-11D3-BF4B-00C04F79EFBC}") = "PaulinC", "PaulinC.csproj", "{9B5B8DA2-8B30-41E4-B0F7-302C056F899C}"
EndProject
Global
	GlobalSection(SolutionConfigurationPlatforms) = preSolution
		Debug|Any CPU = Debug|Any CPU
		Release|Any CPU = Release|Any CPU
	EndGlobalSection
	GlobalSection(ProjectConfigurationPlatforms) = postSolution
		{9B5B8DA2-8B30-41E4-B0F7-302C056F899C}.Debug|Any CPU.ActiveCfg = Debug|Any CPU
		{9B5B8DA2-8B30-41E4-B0F7-302C056F899C}.Debug|Any CPU.Build.0 = Debug|Any CPU
		{9B5B8DA2-8B30-41E4-B0F7-302C056F899C}.Release|Any CPU.ActiveCfg = Release|Any CPU
		{9B5B8DA2-8B30-41E4-B0F7-302C056F899C}.Release|Any CPU.Build.0 = Release|Any CPU
	EndGlobalSection
	GlobalSection(SolutionProperties) = preSolution
		HideSolutionNode = FALSE
	EndGlobalSection
	GlobalSection(ExtensibilityGlobals) = postSolution
		SolutionGuid = {51E4F7AD-2D34-4424-A0CE-1F5FB585F8AA}
	EndGlobalSection
EndGlobal
